
Microsoft Visual Studio Solution File, Format Version 12.00
# Visual Studio Version 16
VisualStudioVersion = 16.0.29215.179
MinimumVisualStudioVersion = 10.0.40219.1
Project("{FAE04EC0-301F-11D3-BF4B-00C04F79EFBC}") = "Chapter 5 pag 91", "Chapter 5 pag 91\Chapter 5 pag 91.csproj", "{332C044A-11CE-4F2D-9A91-5037CF9FD032}"
EndProject
Global
	GlobalSection(SolutionConfigurationPlatforms) = preSolution
		Debug|Any CPU = Debug|Any CPU
		Release|Any CPU = Release|Any CPU
	EndGlobalSection
	GlobalSection(ProjectConfigurationPlatforms) = postSolution
		{332C044A-11CE-4F2D-9A91-5037CF9FD032}.Debug|Any CPU.ActiveCfg = Debug|Any CPU
		{332C044A-11CE-4F2D-9A91-5037CF9FD032}.Debug|Any CPU.Build.0 = Debug|Any CPU
		{332C044A-11CE-4F2D-9A91-5037CF9FD032}.Release|Any CPU.ActiveCfg = Release|Any CPU
		{332C044A-11CE-4F2D-9A91-5037CF9FD032}.Release|Any CPU.Build.0 = Release|Any CPU
	EndGlobalSection
	GlobalSection(SolutionProperties) = preSolution
		HideSolutionNode = FALSE
	EndGlobalSection
	GlobalSection(ExtensibilityGlobals) = postSolution
		SolutionGuid = {53D5ADB7-A967-4357-A714-3AAE37DB36CA}
	EndGlobalSection
EndGlobal
